
Microsoft Visual Studio Solution File, Format Version 12.00
# Visual Studio Version 16
VisualStudioVersion = 16.0.30011.22
MinimumVisualStudioVersion = 10.0.40219.1
Project("{FAE04EC0-301F-11D3-BF4B-00C04F79EFBC}") = "GoRunProj", "GoRunProj\GoRunProj.csproj", "{69FCA2C4-B022-460C-9AAD-47125F34822B}"
EndProject
Global
	GlobalSection(SolutionConfigurationPlatforms) = preSolution
		Debug|Any CPU = Debug|Any CPU
		Release|Any CPU = Release|Any CPU
	EndGlobalSection
	GlobalSection(ProjectConfigurationPlatforms) = postSolution
		{69FCA2C4-B022-460C-9AAD-47125F34822B}.Debug|Any CPU.ActiveCfg = Debug|Any CPU
		{69FCA2C4-B022-460C-9AAD-47125F34822B}.Debug|Any CPU.Build.0 = Debug|Any CPU
		{69FCA2C4-B022-460C-9AAD-47125F34822B}.Release|Any CPU.ActiveCfg = Release|Any CPU
		{69FCA2C4-B022-460C-9AAD-47125F34822B}.Release|Any CPU.Build.0 = Release|Any CPU
	EndGlobalSection
	GlobalSection(SolutionProperties) = preSolution
		HideSolutionNode = FALSE
	EndGlobalSection
	GlobalSection(ExtensibilityGlobals) = postSolution
		SolutionGuid = {8F891DAA-D05C-4551-B6D0-74F515563B34}
	EndGlobalSection
EndGlobal
